# THIS IS AN AUTOGENERATED FILE. DO NOT EDIT THIS FILE DIRECTLY.
# yarn lockfile v1


"@aws-crypto/ie11-detection@^2.0.0":
  version "2.0.2"
  resolved "https://registry.yarnpkg.com/@aws-crypto/ie11-detection/-/ie11-detection-2.0.2.tgz#9c39f4a5558196636031a933ec1b4792de959d6a"
  integrity sha512-5XDMQY98gMAf/WRTic5G++jfmS/VLM0rwpiOpaainKi4L0nqWMSB1SzsrEG5rjFZGYN6ZAefO+/Yta2dFM0kMw==
  dependencies:
    tslib "^1.11.1"

"@aws-crypto/sha256-browser@2.0.0":
  version "2.0.0"
  resolved "https://registry.yarnpkg.com/@aws-crypto/sha256-browser/-/sha256-browser-2.0.0.tgz#741c9024df55ec59b51e5b1f5d806a4852699fb5"
  integrity sha512-rYXOQ8BFOaqMEHJrLHul/25ckWH6GTJtdLSajhlqGMx0PmSueAuvboCuZCTqEKlxR8CQOwRarxYMZZSYlhRA1A==
  dependencies:
    "@aws-crypto/ie11-detection" "^2.0.0"
    "@aws-crypto/sha256-js" "^2.0.0"
    "@aws-crypto/supports-web-crypto" "^2.0.0"
    "@aws-crypto/util" "^2.0.0"
    "@aws-sdk/types" "^3.1.0"
    "@aws-sdk/util-locate-window" "^3.0.0"
    "@aws-sdk/util-utf8-browser" "^3.0.0"
    tslib "^1.11.1"

"@aws-crypto/sha256-js@2.0.0":
  version "2.0.0"
  resolved "https://registry.yarnpkg.com/@aws-crypto/sha256-js/-/sha256-js-2.0.0.tgz#f1f936039bdebd0b9e2dd834d65afdc2aac4efcb"
  integrity sha512-VZY+mCY4Nmrs5WGfitmNqXzaE873fcIZDu54cbaDaaamsaTOP1DBImV9F4pICc3EHjQXujyE8jig+PFCaew9ig==
  dependencies:
    "@aws-crypto/util" "^2.0.0"
    "@aws-sdk/types" "^3.1.0"
    tslib "^1.11.1"

"@aws-crypto/sha256-js@^2.0.0":
  version "2.0.2"
  resolved "https://registry.yarnpkg.com/@aws-crypto/sha256-js/-/sha256-js-2.0.2.tgz#c81e5d378b8a74ff1671b58632779986e50f4c99"
  integrity sha512-iXLdKH19qPmIC73fVCrHWCSYjN/sxaAvZ3jNNyw6FclmHyjLKg0f69WlC9KTnyElxCR5MO9SKaG00VwlJwyAkQ==
  dependencies:
    "@aws-crypto/util" "^2.0.2"
    "@aws-sdk/types" "^3.110.0"
    tslib "^1.11.1"

"@aws-crypto/supports-web-crypto@^2.0.0":
  version "2.0.2"
  resolved "https://registry.yarnpkg.com/@aws-crypto/supports-web-crypto/-/supports-web-crypto-2.0.2.tgz#9f02aafad8789cac9c0ab5faaebb1ab8aa841338"
  integrity sha512-6mbSsLHwZ99CTOOswvCRP3C+VCWnzBf+1SnbWxzzJ9lR0mA0JnY2JEAhp8rqmTE0GPFy88rrM27ffgp62oErMQ==
  dependencies:
    tslib "^1.11.1"

"@aws-crypto/util@^2.0.0", "@aws-crypto/util@^2.0.2":
  version "2.0.2"
  resolved "https://registry.yarnpkg.com/@aws-crypto/util/-/util-2.0.2.tgz#adf5ff5dfbc7713082f897f1d01e551ce0edb9c0"
  integrity sha512-Lgu5v/0e/BcrZ5m/IWqzPUf3UYFTy/PpeED+uc9SWUR1iZQL8XXbGQg10UfllwwBryO3hFF5dizK+78aoXC1eA==
  dependencies:
    "@aws-sdk/types" "^3.110.0"
    "@aws-sdk/util-utf8-browser" "^3.0.0"
    tslib "^1.11.1"

"@aws-sdk/abort-controller@3.198.0":
  version "3.198.0"
  resolved "https://registry.yarnpkg.com/@aws-sdk/abort-controller/-/abort-controller-3.198.0.tgz#fab7d030b165e2a3926d33d09b12cabf5159a7ac"
  integrity sha512-kmK1fNJ5nkBH23wOrAdxWcVtG/NNCaX66cxr90jnbGvSAeNRi5nLLqlmQOyZ0RRg+tpNCec+N/qqfxAmmD3NdQ==
  dependencies:
    "@aws-sdk/types" "3.198.0"
    tslib "^2.3.1"

"@aws-sdk/client-cloudwatch@^3.198.0":
  version "3.198.0"
  resolved "https://registry.yarnpkg.com/@aws-sdk/client-cloudwatch/-/client-cloudwatch-3.198.0.tgz#78ebfa04349393707ceff2ac7af854c57b6dee7c"
  integrity sha512-AOt6Kyso2sskkr/I2xVjiuNyRqaL2n99vhcfdTOaQ74V5l4J84/j7GNIWMfANSajMe2dAnkVFONHMUHW5RUujQ==
  dependencies:
    "@aws-crypto/sha256-browser" "2.0.0"
    "@aws-crypto/sha256-js" "2.0.0"
    "@aws-sdk/client-sts" "3.198.0"
    "@aws-sdk/config-resolver" "3.198.0"
    "@aws-sdk/credential-provider-node" "3.198.0"
    "@aws-sdk/fetch-http-handler" "3.198.0"
    "@aws-sdk/hash-node" "3.198.0"
    "@aws-sdk/invalid-dependency" "3.198.0"
    "@aws-sdk/middleware-content-length" "3.198.0"
    "@aws-sdk/middleware-endpoint" "3.198.0"
    "@aws-sdk/middleware-host-header" "3.198.0"
    "@aws-sdk/middleware-logger" "3.198.0"
    "@aws-sdk/middleware-recursion-detection" "3.198.0"
    "@aws-sdk/middleware-retry" "3.198.0"
    "@aws-sdk/middleware-serde" "3.198.0"
    "@aws-sdk/middleware-signing" "3.198.0"
    "@aws-sdk/middleware-stack" "3.198.0"
    "@aws-sdk/middleware-user-agent" "3.198.0"
    "@aws-sdk/node-config-provider" "3.198.0"
    "@aws-sdk/node-http-handler" "3.198.0"
    "@aws-sdk/protocol-http" "3.198.0"
    "@aws-sdk/smithy-client" "3.198.0"
    "@aws-sdk/types" "3.198.0"
    "@aws-sdk/url-parser" "3.198.0"
    "@aws-sdk/util-base64-browser" "3.188.0"
    "@aws-sdk/util-base64-node" "3.188.0"
    "@aws-sdk/util-body-length-browser" "3.188.0"
    "@aws-sdk/util-body-length-node" "3.188.0"
    "@aws-sdk/util-defaults-mode-browser" "3.198.0"
    "@aws-sdk/util-defaults-mode-node" "3.198.0"
    "@aws-sdk/util-endpoints" "3.198.0"
    "@aws-sdk/util-user-agent-browser" "3.198.0"
    "@aws-sdk/util-user-agent-node" "3.198.0"
    "@aws-sdk/util-utf8-browser" "3.188.0"
    "@aws-sdk/util-utf8-node" "3.188.0"
    "@aws-sdk/util-waiter" "3.198.0"
    fast-xml-parser "4.0.11"
    tslib "^2.3.1"

"@aws-sdk/client-sso@3.198.0":
  version "3.198.0"
  resolved "https://registry.yarnpkg.com/@aws-sdk/client-sso/-/client-sso-3.198.0.tgz#6e1133588aa3df5de8cdf6729f674baa1d64f285"
  integrity sha512-Nzad2iFC+G1D58tqqMo1gKci6t07oysQTK+195YopULGd1sRBdCybA+lrR3t1LRnxfLFoHj1DG5SbNKDBD/hUQ==
  dependencies:
    "@aws-crypto/sha256-browser" "2.0.0"
    "@aws-crypto/sha256-js" "2.0.0"
    "@aws-sdk/config-resolver" "3.198.0"
    "@aws-sdk/fetch-http-handler" "3.198.0"
    "@aws-sdk/hash-node" "3.198.0"
    "@aws-sdk/invalid-dependency" "3.198.0"
    "@aws-sdk/middleware-content-length" "3.198.0"
    "@aws-sdk/middleware-endpoint" "3.198.0"
    "@aws-sdk/middleware-host-header" "3.198.0"
    "@aws-sdk/middleware-logger" "3.198.0"
    "@aws-sdk/middleware-recursion-detection" "3.198.0"
    "@aws-sdk/middleware-retry" "3.198.0"
    "@aws-sdk/middleware-serde" "3.198.0"
    "@aws-sdk/middleware-stack" "3.198.0"
    "@aws-sdk/middleware-user-agent" "3.198.0"
    "@aws-sdk/node-config-provider" "3.198.0"
    "@aws-sdk/node-http-handler" "3.198.0"
    "@aws-sdk/protocol-http" "3.198.0"
    "@aws-sdk/smithy-client" "3.198.0"
    "@aws-sdk/types" "3.198.0"
    "@aws-sdk/url-parser" "3.198.0"
    "@aws-sdk/util-base64-browser" "3.188.0"
    "@aws-sdk/util-base64-node" "3.188.0"
    "@aws-sdk/util-body-length-browser" "3.188.0"
    "@aws-sdk/util-body-length-node" "3.188.0"
    "@aws-sdk/util-defaults-mode-browser" "3.198.0"
    "@aws-sdk/util-defaults-mode-node" "3.198.0"
    "@aws-sdk/util-endpoints" "3.198.0"
    "@aws-sdk/util-user-agent-browser" "3.198.0"
    "@aws-sdk/util-user-agent-node" "3.198.0"
    "@aws-sdk/util-utf8-browser" "3.188.0"
    "@aws-sdk/util-utf8-node" "3.188.0"
    tslib "^2.3.1"

"@aws-sdk/client-sts@3.198.0":
  version "3.198.0"
  resolved "https://registry.yarnpkg.com/@aws-sdk/client-sts/-/client-sts-3.198.0.tgz#f0509dbf193aa61ea2f25d0cd4ccc508adb1002c"
  integrity sha512-MJJ7rxTNh6uypu+XOvGkdGzWKSfCAM4OgJv+X8+GePWWX9JfRRz1Wvj1HaZhIUPxGbcnyPJXX5YbzgA3Y/NZ9g==
  dependencies:
    "@aws-crypto/sha256-browser" "2.0.0"
    "@aws-crypto/sha256-js" "2.0.0"
    "@aws-sdk/config-resolver" "3.198.0"
    "@aws-sdk/credential-provider-node" "3.198.0"
    "@aws-sdk/fetch-http-handler" "3.198.0"
    "@aws-sdk/hash-node" "3.198.0"
    "@aws-sdk/invalid-dependency" "3.198.0"
    "@aws-sdk/middleware-content-length" "3.198.0"
    "@aws-sdk/middleware-endpoint" "3.198.0"
    "@aws-sdk/middleware-host-header" "3.198.0"
    "@aws-sdk/middleware-logger" "3.198.0"
    "@aws-sdk/middleware-recursion-detection" "3.198.0"
    "@aws-sdk/middleware-retry" "3.198.0"
    "@aws-sdk/middleware-sdk-sts" "3.198.0"
    "@aws-sdk/middleware-serde" "3.198.0"
    "@aws-sdk/middleware-signing" "3.198.0"
    "@aws-sdk/middleware-stack" "3.198.0"
    "@aws-sdk/middleware-user-agent" "3.198.0"
    "@aws-sdk/node-config-provider" "3.198.0"
    "@aws-sdk/node-http-handler" "3.198.0"
    "@aws-sdk/protocol-http" "3.198.0"
    "@aws-sdk/smithy-client" "3.198.0"
    "@aws-sdk/types" "3.198.0"
    "@aws-sdk/url-parser" "3.198.0"
    "@aws-sdk/util-base64-browser" "3.188.0"
    "@aws-sdk/util-base64-node" "3.188.0"
    "@aws-sdk/util-body-length-browser" "3.188.0"
    "@aws-sdk/util-body-length-node" "3.188.0"
    "@aws-sdk/util-defaults-mode-browser" "3.198.0"
    "@aws-sdk/util-defaults-mode-node" "3.198.0"
    "@aws-sdk/util-endpoints" "3.198.0"
    "@aws-sdk/util-user-agent-browser" "3.198.0"
    "@aws-sdk/util-user-agent-node" "3.198.0"
    "@aws-sdk/util-utf8-browser" "3.188.0"
    "@aws-sdk/util-utf8-node" "3.188.0"
    fast-xml-parser "4.0.11"
    tslib "^2.3.1"

"@aws-sdk/config-resolver@3.198.0":
  version "3.198.0"
  resolved "https://registry.yarnpkg.com/@aws-sdk/config-resolver/-/config-resolver-3.198.0.tgz#25b2efc2d7de6e05d7ad7b1e8f2fb2055d0bed19"
  integrity sha512-CxpbkTOfOYZLWcNgcZqooSIlLnixzHVz6skDgxOfeN2vohNOgt8hwU0Dmif3sC4AeyeV0CBm7ew9tg/WzsBxhg==
  dependencies:
    "@aws-sdk/signature-v4" "3.198.0"
    "@aws-sdk/types" "3.198.0"
    "@aws-sdk/util-config-provider" "3.188.0"
    "@aws-sdk/util-middleware" "3.198.0"
    tslib "^2.3.1"

"@aws-sdk/credential-provider-env@3.198.0":
  version "3.198.0"
  resolved "https://registry.yarnpkg.com/@aws-sdk/credential-provider-env/-/credential-provider-env-3.198.0.tgz#f88ae32587bc6d3dfa9fdb569cfe6055c8551966"
  integrity sha512-Psui5iNdbHrHNF14vejORMtSEaH7EOt51pQcfmP1jk8Tinf+KMMMdbOqyzL4LHYwLTLH9Cr6m6UGrJXdmFiIZA==
  dependencies:
    "@aws-sdk/property-provider" "3.198.0"
    "@aws-sdk/types" "3.198.0"
    tslib "^2.3.1"

"@aws-sdk/credential-provider-imds@3.198.0":
  version "3.198.0"
  resolved "https://registry.yarnpkg.com/@aws-sdk/credential-provider-imds/-/credential-provider-imds-3.198.0.tgz#5ea1121c415ea2a3929bf1b028c1fd66a5df1008"
  integrity sha512-p2xMCo3whCnXd5/dH738rAVURXhlppjRNDv0sCkDcVtr3exn4s5x5ednFM8K0zNo/hsqjqFbK3jT4W72bgHphw==
  dependencies:
    "@aws-sdk/node-config-provider" "3.198.0"
    "@aws-sdk/property-provider" "3.198.0"
    "@aws-sdk/types" "3.198.0"
    "@aws-sdk/url-parser" "3.198.0"
    tslib "^2.3.1"

"@aws-sdk/credential-provider-ini@3.198.0":
  version "3.198.0"
  resolved "https://registry.yarnpkg.com/@aws-sdk/credential-provider-ini/-/credential-provider-ini-3.198.0.tgz#e30fea938cb24816c24b4687179431cdbcc250ca"
  integrity sha512-YsDz3p+1tEfo9DykLekR7Jshid8yIJgDbNNGMrxZn1e6ky8BG6Y3IL7Xbqr8RzzdRQsbdK89Di6t+uH8gagKSA==
  dependencies:
    "@aws-sdk/credential-provider-env" "3.198.0"
    "@aws-sdk/credential-provider-imds" "3.198.0"
    "@aws-sdk/credential-provider-sso" "3.198.0"
    "@aws-sdk/credential-provider-web-identity" "3.198.0"
    "@aws-sdk/property-provider" "3.198.0"
    "@aws-sdk/shared-ini-file-loader" "3.198.0"
    "@aws-sdk/types" "3.198.0"
    tslib "^2.3.1"

"@aws-sdk/credential-provider-node@3.198.0":
  version "3.198.0"
  resolved "https://registry.yarnpkg.com/@aws-sdk/credential-provider-node/-/credential-provider-node-3.198.0.tgz#f1e7d343c90dee996e8e517a7baf273a2a5c131b"
  integrity sha512-/3FmxD+/xdNHq5UJzEG4L2OBxTbsfsxciFvmaub6feVsw74kqqAn0aEi3jLrAnWdxfn8F4Qe4ydaJ2SYwwEWIQ==
  dependencies:
    "@aws-sdk/credential-provider-env" "3.198.0"
    "@aws-sdk/credential-provider-imds" "3.198.0"
    "@aws-sdk/credential-provider-ini" "3.198.0"
    "@aws-sdk/credential-provider-process" "3.198.0"
    "@aws-sdk/credential-provider-sso" "3.198.0"
    "@aws-sdk/credential-provider-web-identity" "3.198.0"
    "@aws-sdk/property-provider" "3.198.0"
    "@aws-sdk/shared-ini-file-loader" "3.198.0"
    "@aws-sdk/types" "3.198.0"
    tslib "^2.3.1"

"@aws-sdk/credential-provider-process@3.198.0":
  version "3.198.0"
  resolved "https://registry.yarnpkg.com/@aws-sdk/credential-provider-process/-/credential-provider-process-3.198.0.tgz#6b05511c7bb7fc20ecb2c7e017f5f58259ec3bce"
  integrity sha512-LWiwKDCui7ILr+6opBzLCCAho9ZOppuEthUdKZx6T7+yD2cQT0caN5PkVUBMtfTu9+DZnHD2bpIL1T2KEaqEUw==
  dependencies:
    "@aws-sdk/property-provider" "3.198.0"
    "@aws-sdk/shared-ini-file-loader" "3.198.0"
    "@aws-sdk/types" "3.198.0"
    tslib "^2.3.1"

"@aws-sdk/credential-provider-sso@3.198.0":
  version "3.198.0"
  resolved "https://registry.yarnpkg.com/@aws-sdk/credential-provider-sso/-/credential-provider-sso-3.198.0.tgz#b2baa01772d68a528885e4970a23f99ab461a3e1"
  integrity sha512-sl8sFoSketW6Kzd5xpTnCpiLjsJnbpbg8mEUXfcU7EgJp9Pdudq/YYs+w3gcgaZyWQ8PDsmM8kSwr9marWBrwQ==
  dependencies:
    "@aws-sdk/client-sso" "3.198.0"
    "@aws-sdk/property-provider" "3.198.0"
    "@aws-sdk/shared-ini-file-loader" "3.198.0"
    "@aws-sdk/types" "3.198.0"
    tslib "^2.3.1"

"@aws-sdk/credential-provider-web-identity@3.198.0":
  version "3.198.0"
  resolved "https://registry.yarnpkg.com/@aws-sdk/credential-provider-web-identity/-/credential-provider-web-identity-3.198.0.tgz#9fa7abb93b5d83e80bfacf8c3e46b4f2a862a964"
  integrity sha512-D+fhnmqN18P/Roq5oxVq53J3mqS9Oi9IJaIKdrbdK/FibqOyKmTERaLKWkONwG35qExSECOpoEGn7ioUMQgAgQ==
  dependencies:
    "@aws-sdk/property-provider" "3.198.0"
    "@aws-sdk/types" "3.198.0"
    tslib "^2.3.1"

"@aws-sdk/fetch-http-handler@3.198.0":
  version "3.198.0"
  resolved "https://registry.yarnpkg.com/@aws-sdk/fetch-http-handler/-/fetch-http-handler-3.198.0.tgz#455332fc8f7e517344fc443b1de3a50c64919acf"
  integrity sha512-pf6mhDrnwq3N3F3wv8GjUHlRLSpnaZsDxvGPQmzEqY8mAhiFCAJSaL6X/FwqnNUN4xTRDaOz/hgUDHWj9JfT8w==
  dependencies:
    "@aws-sdk/protocol-http" "3.198.0"
    "@aws-sdk/querystring-builder" "3.198.0"
    "@aws-sdk/types" "3.198.0"
    "@aws-sdk/util-base64-browser" "3.188.0"
    tslib "^2.3.1"

"@aws-sdk/hash-node@3.198.0":
  version "3.198.0"
  resolved "https://registry.yarnpkg.com/@aws-sdk/hash-node/-/hash-node-3.198.0.tgz#f04e617c1546e256269413075f35709af663e953"
  integrity sha512-+UTjEEQlvT4+IIwLpN36Qb1DOQHe3zHkvIVe6SjLln+Z/UEK6NhMI0tsJNbiW38WAfwOjJ+otrRBHuD93SBRxQ==
  dependencies:
    "@aws-sdk/types" "3.198.0"
    "@aws-sdk/util-buffer-from" "3.188.0"
    tslib "^2.3.1"

"@aws-sdk/invalid-dependency@3.198.0":
  version "3.198.0"
  resolved "https://registry.yarnpkg.com/@aws-sdk/invalid-dependency/-/invalid-dependency-3.198.0.tgz#312e13b2645298f5b5f6477054cccbed036c13e4"
  integrity sha512-lbwS+H7WYk/g9/nHoTgt7xkrZCJ/OJuBfsx41RvMxW7zPxJeHYD/PvgPvYOB9lTUBkr7SDCeMoS5PtGdAwVOfg==
  dependencies:
    "@aws-sdk/types" "3.198.0"
    tslib "^2.3.1"

"@aws-sdk/is-array-buffer@3.188.0":
  version "3.188.0"
  resolved "https://registry.yarnpkg.com/@aws-sdk/is-array-buffer/-/is-array-buffer-3.188.0.tgz#2e969b2e799490e3bbd5008554aa346c58e3a9b6"
  integrity sha512-n69N4zJZCNd87Rf4NzufPzhactUeM877Y0Tp/F3KiHqGeTnVjYUa4Lv1vLBjqtfjYb2HWT3NKlYn5yzrhaEwiQ==
  dependencies:
    tslib "^2.3.1"

"@aws-sdk/middleware-content-length@3.198.0":
  version "3.198.0"
  resolved "https://registry.yarnpkg.com/@aws-sdk/middleware-content-length/-/middleware-content-length-3.198.0.tgz#5bb8e47567c058b35cfe7cd2943b861cd807c8de"
  integrity sha512-tEvd5fmGgdA42M3pAZ8VfgG/Mm/QftNDWNApBjn9ZFxYJQaHEoR3BjzKFM6Bs2rQyLLFaWXZnqn9nBp8I8S9Uw==
  dependencies:
    "@aws-sdk/protocol-http" "3.198.0"
    "@aws-sdk/types" "3.198.0"
    tslib "^2.3.1"

"@aws-sdk/middleware-endpoint@3.198.0":
  version "3.198.0"
  resolved "https://registry.yarnpkg.com/@aws-sdk/middleware-endpoint/-/middleware-endpoint-3.198.0.tgz#3327c24919b539d66ad64f52d8e313b3ff48511f"
  integrity sha512-J/rQkIXUbFJAlD6LSDVGU4bGbwD/2pvF5N39ePzvaJ8SwV9Y78XER/2fIAERhFNppuYinGdBdMLiPsC6qPT6ZA==
  dependencies:
    "@aws-sdk/middleware-serde" "3.198.0"
    "@aws-sdk/protocol-http" "3.198.0"
    "@aws-sdk/signature-v4" "3.198.0"
    "@aws-sdk/types" "3.198.0"
    "@aws-sdk/url-parser" "3.198.0"
    "@aws-sdk/util-config-provider" "3.188.0"
    "@aws-sdk/util-middleware" "3.198.0"
    tslib "^2.3.1"

"@aws-sdk/middleware-host-header@3.198.0":
  version "3.198.0"
  resolved "https://registry.yarnpkg.com/@aws-sdk/middleware-host-header/-/middleware-host-header-3.198.0.tgz#52e684b418253d7bb9696050261dbd5144e0c704"
  integrity sha512-keHstrdw0bFzEkUrkMQ9+UxaKu5b1K87cH6guqLf4JBo04CT+2kPRlDSma65XCi2U81zfTnWApk+/SPPFN3otA==
  dependencies:
    "@aws-sdk/protocol-http" "3.198.0"
    "@aws-sdk/types" "3.198.0"
    tslib "^2.3.1"

"@aws-sdk/middleware-logger@3.198.0":
  version "3.198.0"
  resolved "https://registry.yarnpkg.com/@aws-sdk/middleware-logger/-/middleware-logger-3.198.0.tgz#cdb9967b05cbe70f8ecdd22d80a8db3aaf4fbc4e"
  integrity sha512-IFvNO4MI80FyltPzrEpYHMG47EYXawcD5zTzcbimpeLTpyrLY/zkSJqh5cVFu+NcDWsuD6U1geuvfN+i+2Bg1Q==
  dependencies:
    "@aws-sdk/types" "3.198.0"
    tslib "^2.3.1"

"@aws-sdk/middleware-recursion-detection@3.198.0":
  version "3.198.0"
  resolved "https://registry.yarnpkg.com/@aws-sdk/middleware-recursion-detection/-/middleware-recursion-detection-3.198.0.tgz#d3518dc20b5eaf3cdcae27d9d30973b6dab56a20"
  integrity sha512-VHyz5xBJOaLZwdL94XWB04XCA+pwbURy+4ESF66vIY1umWgfanbZPkvw1XlRaQJydOmyIDFqhNG2AzB28WN9iw==
  dependencies:
    "@aws-sdk/protocol-http" "3.198.0"
    "@aws-sdk/types" "3.198.0"
    tslib "^2.3.1"

"@aws-sdk/middleware-retry@3.198.0":
  version "3.198.0"
  resolved "https://registry.yarnpkg.com/@aws-sdk/middleware-retry/-/middleware-retry-3.198.0.tgz#f3c6a2b91d54f1dabc8d266cf68589980f75bd87"
  integrity sha512-dwv5QJYTPNkmjKcQ0RtClkNumFomECzxjXvSiyjD9Ft6AWHcUeyqJfGKbmP5mFHpezWckK1qcT6cPMVrJilgjw==
  dependencies:
    "@aws-sdk/protocol-http" "3.198.0"
    "@aws-sdk/service-error-classification" "3.198.0"
    "@aws-sdk/types" "3.198.0"
    "@aws-sdk/util-middleware" "3.198.0"
    tslib "^2.3.1"
    uuid "^8.3.2"

"@aws-sdk/middleware-sdk-sts@3.198.0":
  version "3.198.0"
  resolved "https://registry.yarnpkg.com/@aws-sdk/middleware-sdk-sts/-/middleware-sdk-sts-3.198.0.tgz#4bc16cd70be79e3672b5b252fb38ae40b49633fa"
  integrity sha512-rTsfkbzsGgkvNpqKOUwwzKSk30/6hvQmP6z9AxUy8p4KIKWLr9bcd+jq1HNwoCX8OEqtAbqKOVdph0CBd2yZRw==
  dependencies:
    "@aws-sdk/middleware-signing" "3.198.0"
    "@aws-sdk/property-provider" "3.198.0"
    "@aws-sdk/protocol-http" "3.198.0"
    "@aws-sdk/signature-v4" "3.198.0"
    "@aws-sdk/types" "3.198.0"
    tslib "^2.3.1"

"@aws-sdk/middleware-serde@3.198.0":
  version "3.198.0"
  resolved "https://registry.yarnpkg.com/@aws-sdk/middleware-serde/-/middleware-serde-3.198.0.tgz#64ea41d13ff132512b90670851c5241cd76ee067"
  integrity sha512-RlAua2691KCFabp3kjnsd5p+1nQbULTK1Ia/jvlTAyG4tGOeA0x1At6KZoI1LfkN+VjstV5/3b9aOCtcFuxkhA==
  dependencies:
    "@aws-sdk/types" "3.198.0"
    tslib "^2.3.1"

"@aws-sdk/middleware-signing@3.198.0":
  version "3.198.0"
  resolved "https://registry.yarnpkg.com/@aws-sdk/middleware-signing/-/middleware-signing-3.198.0.tgz#32249b0c7c4ee58e5fc76d6d293ad942ff4f1dc9"
  integrity sha512-HPY9d1c1CUiV6JBVxiiQQgYfmELl1cn6h0TI00EmOAM5/wxUoiYBX2cGWf2NRF9/iBTppZjxwAKMYPIqF5Tkvw==
  dependencies:
    "@aws-sdk/property-provider" "3.198.0"
    "@aws-sdk/protocol-http" "3.198.0"
    "@aws-sdk/signature-v4" "3.198.0"
    "@aws-sdk/types" "3.198.0"
    "@aws-sdk/util-middleware" "3.198.0"
    tslib "^2.3.1"

"@aws-sdk/middleware-stack@3.198.0":
  version "3.198.0"
  resolved "https://registry.yarnpkg.com/@aws-sdk/middleware-stack/-/middleware-stack-3.198.0.tgz#6f23319a15fb3a6b4463d13fc8304a55ed32d2f3"
  integrity sha512-5mHRjiJFHxziXOiChW3kttQHjgqH5qW9xRIDJepyf+NRJ60L8bZj0t8oGecqVqo27S02+UvrFgOzoRvBbATVFw==
  dependencies:
    tslib "^2.3.1"

"@aws-sdk/middleware-user-agent@3.198.0":
  version "3.198.0"
  resolved "https://registry.yarnpkg.com/@aws-sdk/middleware-user-agent/-/middleware-user-agent-3.198.0.tgz#419984e0f7fd9e96e0152df2eaea9a085b929df0"
  integrity sha512-SMteVixqoSazxUN1ROMj+nSf/zgTMRVPaTCKU0iEAtrE7ilp9Xv6FEC7ffm1MM9xIoAZ2eY1eAtY3uN0yxBm4A==
  dependencies:
    "@aws-sdk/protocol-http" "3.198.0"
    "@aws-sdk/types" "3.198.0"
    tslib "^2.3.1"

"@aws-sdk/node-config-provider@3.198.0":
  version "3.198.0"
  resolved "https://registry.yarnpkg.com/@aws-sdk/node-config-provider/-/node-config-provider-3.198.0.tgz#4d555b4f52b2073a459bf44dae6a0c7c81d629b6"
  integrity sha512-W+msdp94ZjR8mJMtGPHjWHsIdsOu3HaVX4x+AQq9cj7+pg/D5CvWw7fnbkUQeG+V8Ia/aqzBNxlUpr/FAeQY/g==
  dependencies:
    "@aws-sdk/property-provider" "3.198.0"
    "@aws-sdk/shared-ini-file-loader" "3.198.0"
    "@aws-sdk/types" "3.198.0"
    tslib "^2.3.1"

"@aws-sdk/node-http-handler@3.198.0":
  version "3.198.0"
  resolved "https://registry.yarnpkg.com/@aws-sdk/node-http-handler/-/node-http-handler-3.198.0.tgz#a04c6c389b09a5c4d0278fa18db5c59037346c67"
  integrity sha512-RTiXbJ1r2O4K7oRjkakqILC71F2vPkoJcDuvOnD8Dde7hO/eIU4OCyGM2WOGsa9AtmQBoqq6x0myrlgTbiTEyQ==
  dependencies:
    "@aws-sdk/abort-controller" "3.198.0"
    "@aws-sdk/protocol-http" "3.198.0"
    "@aws-sdk/querystring-builder" "3.198.0"
    "@aws-sdk/types" "3.198.0"
    tslib "^2.3.1"

"@aws-sdk/property-provider@3.198.0":
  version "3.198.0"
  resolved "https://registry.yarnpkg.com/@aws-sdk/property-provider/-/property-provider-3.198.0.tgz#53107614aeadf2e8b703de836df42ca474fc0e12"
  integrity sha512-jnQeJgZlk+6YJS2/eFz6pm9+XHzvCB0jTxHBwt2zYwZfcJ98viRQWMYfkY1XsemuQb/uIoHRBRhFXaJSLpXVDQ==
  dependencies:
    "@aws-sdk/types" "3.198.0"
    tslib "^2.3.1"

"@aws-sdk/protocol-http@3.198.0":
  version "3.198.0"
  resolved "https://registry.yarnpkg.com/@aws-sdk/protocol-http/-/protocol-http-3.198.0.tgz#4de253f4bbcecf54d6f693d324244d0fb6d31f3f"
  integrity sha512-x+Qc+kwYqaZvLJ/820rxoFUIgSnSS/XlUHwmS+CTn7nJ68CeL3dzmae6TVOslpVBLCvoS2CbEpEoBbofOpsbGw==
  dependencies:
    "@aws-sdk/types" "3.198.0"
    tslib "^2.3.1"

"@aws-sdk/querystring-builder@3.198.0":
  version "3.198.0"
  resolved "https://registry.yarnpkg.com/@aws-sdk/querystring-builder/-/querystring-builder-3.198.0.tgz#cd1bdfb910a9385c8eaeba6d3492051a42d7aeb7"
  integrity sha512-FNM+fVuGkdB9znSoSBmHWXQwnVAJsKKch1ewx1hwabh9dXxE6N1XGqRxw/T0KYHV929A4h57fgdfyKV8TLKWNg==
  dependencies:
    "@aws-sdk/types" "3.198.0"
    "@aws-sdk/util-uri-escape" "3.188.0"
    tslib "^2.3.1"

"@aws-sdk/querystring-parser@3.198.0":
  version "3.198.0"
  resolved "https://registry.yarnpkg.com/@aws-sdk/querystring-parser/-/querystring-parser-3.198.0.tgz#1c7d15ad0a74c86513fc80322f2e9cd7d9c5bfcf"
  integrity sha512-oMybZYINxNiwSELR7tOwqu+1S7CeEC3g5L4IQXk2wvVx96HEf3sQgLr1wbmV1b7lEnTuH9OrgI5RgDUBVqipdw==
  dependencies:
    "@aws-sdk/types" "3.198.0"
    tslib "^2.3.1"

"@aws-sdk/service-error-classification@3.198.0":
  version "3.198.0"
  resolved "https://registry.yarnpkg.com/@aws-sdk/service-error-classification/-/service-error-classification-3.198.0.tgz#108a5186a0c8d64452427dbf2391bd0f9f534b88"
  integrity sha512-bVsWOIYuDtSmwJtPF1pU84x2TL20Pj02C0+/6ua4qLvRatVKFbj1wxWiU/nKvgjiGFX8VWuQUKMzXUYQfYn4nw==

"@aws-sdk/shared-ini-file-loader@3.198.0":
  version "3.198.0"
  resolved "https://registry.yarnpkg.com/@aws-sdk/shared-ini-file-loader/-/shared-ini-file-loader-3.198.0.tgz#55eb08391c3707e812b1ac6f65dae397bae97318"
  integrity sha512-n3Ykuvtb6f+WQuhcMVumY9VxQwPp8+cMSc5s6YHptkvZkz/cd2wmPhO914gKE/i2MoC/zQsFCXT8Z1YnS7k8sA==
  dependencies:
    "@aws-sdk/types" "3.198.0"
    tslib "^2.3.1"

"@aws-sdk/signature-v4@3.198.0":
  version "3.198.0"
  resolved "https://registry.yarnpkg.com/@aws-sdk/signature-v4/-/signature-v4-3.198.0.tgz#73dae5de7328d0e334f57627e9d84cb5a978c9ab"
  integrity sha512-8EIyEt7ElTK/tQamYyB16IGwc7EwtLlSVcksaiII780ZtYULnOjogi/UImCYqSejQw+EHhXfbj14HRQT56rqEQ==
  dependencies:
    "@aws-sdk/is-array-buffer" "3.188.0"
    "@aws-sdk/types" "3.198.0"
    "@aws-sdk/util-hex-encoding" "3.188.0"
    "@aws-sdk/util-middleware" "3.198.0"
    "@aws-sdk/util-uri-escape" "3.188.0"
    tslib "^2.3.1"

"@aws-sdk/smithy-client@3.198.0":
  version "3.198.0"
  resolved "https://registry.yarnpkg.com/@aws-sdk/smithy-client/-/smithy-client-3.198.0.tgz#74a08c43a9cf65b0499d7a48addfac7e1a87f18a"
  integrity sha512-IKUzJSoIkxYkYpRdlrh6REtDcW5c87FKeqtMC8VTpaTxrXwnJOqbenp7IwArwOnbXp4aIVmzdxT/nvQrftlgWg==
  dependencies:
    "@aws-sdk/middleware-stack" "3.198.0"
    "@aws-sdk/types" "3.198.0"
    tslib "^2.3.1"

"@aws-sdk/types@3.198.0", "@aws-sdk/types@^3.1.0", "@aws-sdk/types@^3.110.0":
  version "3.198.0"
  resolved "https://registry.yarnpkg.com/@aws-sdk/types/-/types-3.198.0.tgz#4e4f5df1bf362dfe64e7bdaf37ba614c61618356"
  integrity sha512-ljgY9Pgb2CSRrf4IeaNy5gkhTsBae9STKc/mqfScSzvZOvRHu+BOIAGM33fDoCwxD1viKNVJvU1KemiI57Gbvw==

"@aws-sdk/url-parser@3.198.0":
  version "3.198.0"
  resolved "https://registry.yarnpkg.com/@aws-sdk/url-parser/-/url-parser-3.198.0.tgz#6694cf6a96b801d34ef60f3ef05ef449a1b9ff4d"
  integrity sha512-wm3+OTDWKsMEOlLGvJ+jxCcOXMjgd5qBDVbu2bTiyTahc2poNlM7kKhSwL4I8PkmGZVAqfAlHD4Wj38WecHQPw==
  dependencies:
    "@aws-sdk/querystring-parser" "3.198.0"
    "@aws-sdk/types" "3.198.0"
    tslib "^2.3.1"

"@aws-sdk/util-base64-browser@3.188.0":
  version "3.188.0"
  resolved "https://registry.yarnpkg.com/@aws-sdk/util-base64-browser/-/util-base64-browser-3.188.0.tgz#581c85dc157aff88ca81e42d9c79d87c95db8d03"
  integrity sha512-qlH+5NZBLiyKziL335BEPedYxX6j+p7KFRWXvDQox9S+s+gLCayednpK+fteOhBenCcR9fUZOVuAPScy1I8qCg==
  dependencies:
    tslib "^2.3.1"

"@aws-sdk/util-base64-node@3.188.0":
  version "3.188.0"
  resolved "https://registry.yarnpkg.com/@aws-sdk/util-base64-node/-/util-base64-node-3.188.0.tgz#1d2413f68c8ad1cca0903fc11d92af88ba70e14d"
  integrity sha512-r1dccRsRjKq+OhVRUfqFiW3sGgZBjHbMeHLbrAs9jrOjU2PTQ8PSzAXLvX/9lmp7YjmX17Qvlsg0NCr1tbB9OA==
  dependencies:
    "@aws-sdk/util-buffer-from" "3.188.0"
    tslib "^2.3.1"

"@aws-sdk/util-body-length-browser@3.188.0":
  version "3.188.0"
  resolved "https://registry.yarnpkg.com/@aws-sdk/util-body-length-browser/-/util-body-length-browser-3.188.0.tgz#e1d949318c10a621b38575a9ef01e39f9857ddb0"
  integrity sha512-8VpnwFWXhnZ/iRSl9mTf+VKOX9wDE8QtN4bj9pBfxwf90H1X7E8T6NkiZD3k+HubYf2J94e7DbeHs7fuCPW5Qg==
  dependencies:
    tslib "^2.3.1"

"@aws-sdk/util-body-length-node@3.188.0":
  version "3.188.0"
  resolved "https://registry.yarnpkg.com/@aws-sdk/util-body-length-node/-/util-body-length-node-3.188.0.tgz#3fc2a820b9be0efcbdf962d8f980b9000b98ddba"
  integrity sha512-XwqP3vxk60MKp4YDdvDeCD6BPOiG2e+/Ou4AofZOy5/toB6NKz2pFNibQIUg2+jc7mPMnGnvOW3MQEgSJ+gu/Q==
  dependencies:
    tslib "^2.3.1"

"@aws-sdk/util-buffer-from@3.188.0":
  version "3.188.0"
  resolved "https://registry.yarnpkg.com/@aws-sdk/util-buffer-from/-/util-buffer-from-3.188.0.tgz#a062ccd990571df4353990e8b78aebec5a14547d"
  integrity sha512-NX1WXZ8TH20IZb4jPFT2CnLKSqZWddGxtfiWxD9M47YOtq/SSQeR82fhqqVjJn4P8w2F5E28f+Du4ntg/sGcxA==
  dependencies:
    "@aws-sdk/is-array-buffer" "3.188.0"
    tslib "^2.3.1"

"@aws-sdk/util-config-provider@3.188.0":
  version "3.188.0"
  resolved "https://registry.yarnpkg.com/@aws-sdk/util-config-provider/-/util-config-provider-3.188.0.tgz#f7a365e6cbfe728c1224f0b39926636619b669e0"
  integrity sha512-LBA7tLbi7v4uvbOJhSnjJrxbcRifKK/1ZVK94JTV2MNSCCyNkFotyEI5UWDl10YKriTIUyf7o5cakpiDZ3O4xg==
  dependencies:
    tslib "^2.3.1"

"@aws-sdk/util-defaults-mode-browser@3.198.0":
  version "3.198.0"
  resolved "https://registry.yarnpkg.com/@aws-sdk/util-defaults-mode-browser/-/util-defaults-mode-browser-3.198.0.tgz#4dc4bb9fbbf12b984e4547e81a05f8fcdb03f9a2"
  integrity sha512-IG4iVKQdFjdVFMH5KbSUY2l48wL9aCX/qzoCyTPjKkVumvmwnfkt5OCslkNcaqRdvp5o7QL7aHbq0EZ3K7Ya0A==
  dependencies:
    "@aws-sdk/property-provider" "3.198.0"
    "@aws-sdk/types" "3.198.0"
    bowser "^2.11.0"
    tslib "^2.3.1"

"@aws-sdk/util-defaults-mode-node@3.198.0":
  version "3.198.0"
  resolved "https://registry.yarnpkg.com/@aws-sdk/util-defaults-mode-node/-/util-defaults-mode-node-3.198.0.tgz#22ca9e151e778f32cb62f09b7e7f55d97ad0d09f"
  integrity sha512-LBKSKJjEs0D8tjalblDNmq9DWYTDQ1wVUksAIBO2gQU+EZHJwPb9qxyAk32gbnVTOYceZpJ5/vAGT7speDzEyw==
  dependencies:
    "@aws-sdk/config-resolver" "3.198.0"
    "@aws-sdk/credential-provider-imds" "3.198.0"
    "@aws-sdk/node-config-provider" "3.198.0"
    "@aws-sdk/property-provider" "3.198.0"
    "@aws-sdk/types" "3.198.0"
    tslib "^2.3.1"

"@aws-sdk/util-endpoints@3.198.0":
  version "3.198.0"
  resolved "https://registry.yarnpkg.com/@aws-sdk/util-endpoints/-/util-endpoints-3.198.0.tgz#45e51d3ed56f1a3a4c54d57f3a4eed2f516bb978"
  integrity sha512-fpeJNVoe/QsIcGybgJ+D2jZcUFi7d37FlMiZd9eVnS5LyMGDNH8tVS7aPT7dgb0z30/FKMBIKKG6QxDGxFaqjQ==
  dependencies:
    "@aws-sdk/types" "3.198.0"
    tslib "^2.3.1"

"@aws-sdk/util-hex-encoding@3.188.0":
  version "3.188.0"
  resolved "https://registry.yarnpkg.com/@aws-sdk/util-hex-encoding/-/util-hex-encoding-3.188.0.tgz#c2d8b02b952db58acbd5f53718109657c69c460f"
  integrity sha512-QyWovTtjQ2RYxqVM+STPh65owSqzuXURnfoof778spyX4iQ4z46wOge1YV2ZtwS8w5LWd9eeVvDrLu5POPYOnA==
  dependencies:
    tslib "^2.3.1"

"@aws-sdk/util-locate-window@^3.0.0":
  version "3.188.0"
  resolved "https://registry.yarnpkg.com/@aws-sdk/util-locate-window/-/util-locate-window-3.188.0.tgz#0bef2b4d932d1401bd78dc1ddd258b14a3652f96"
  integrity sha512-SxobBVLZkkLSawTCfeQnhVX3Azm9O+C2dngZVe1+BqtF8+retUbVTs7OfYeWBlawVkULKF2e781lTzEHBBjCzw==
  dependencies:
    tslib "^2.3.1"

"@aws-sdk/util-middleware@3.198.0":
  version "3.198.0"
  resolved "https://registry.yarnpkg.com/@aws-sdk/util-middleware/-/util-middleware-3.198.0.tgz#95edefd4b9c8427f671379cf8527de0c31990f5a"
  integrity sha512-hEdkuGRWhZdEb1plzkGCN2kT8SqiPrEQHngB+1q7pjFJcKWkYkmaLHGw2zhbg1EVNpcGmj5DzCSWzwoPkpDRsw==
  dependencies:
    tslib "^2.3.1"

"@aws-sdk/util-uri-escape@3.188.0":
  version "3.188.0"
  resolved "https://registry.yarnpkg.com/@aws-sdk/util-uri-escape/-/util-uri-escape-3.188.0.tgz#6dbd4322f6cdc3252a75c6f729e1082369c468c0"
  integrity sha512-4Y6AYZMT483Tiuq8dxz5WHIiPNdSFPGrl6tRTo2Oi2FcwypwmFhqgEGcqxeXDUJktvaCBxeA08DLr/AemVhPCg==
  dependencies:
    tslib "^2.3.1"

"@aws-sdk/util-user-agent-browser@3.198.0":
  version "3.198.0"
  resolved "https://registry.yarnpkg.com/@aws-sdk/util-user-agent-browser/-/util-user-agent-browser-3.198.0.tgz#ecbd157ad62a314f5a8dfea997931dc65a0b620f"
  integrity sha512-XIwaaKtrEsxsayk1yUNjx15AZenP6YRaRDa3f6dhGO+D6OOXP+0S38O5lakyDDGW7nkwkmXa2NIv/OPHPYJ+jQ==
  dependencies:
    "@aws-sdk/types" "3.198.0"
    bowser "^2.11.0"
    tslib "^2.3.1"

"@aws-sdk/util-user-agent-node@3.198.0":
  version "3.198.0"
  resolved "https://registry.yarnpkg.com/@aws-sdk/util-user-agent-node/-/util-user-agent-node-3.198.0.tgz#488de6a2d3c67c6d7589e9fbe806732c23b690c1"
  integrity sha512-21bi3pNO7jvo3l9LtMJyR48ERN69PuBqMnwnjsDVqyIFBbnZr/JR5rWQx7jdZ0iUt6mRlgZ17xHXlGUGMCxznA==
  dependencies:
    "@aws-sdk/node-config-provider" "3.198.0"
    "@aws-sdk/types" "3.198.0"
    tslib "^2.3.1"

"@aws-sdk/util-utf8-browser@3.188.0", "@aws-sdk/util-utf8-browser@^3.0.0":
  version "3.188.0"
  resolved "https://registry.yarnpkg.com/@aws-sdk/util-utf8-browser/-/util-utf8-browser-3.188.0.tgz#484762bd600401350e148277731d6744a4a92225"
  integrity sha512-jt627x0+jE+Ydr9NwkFstg3cUvgWh56qdaqAMDsqgRlKD21md/6G226z/Qxl7lb1VEW2LlmCx43ai/37Qwcj2Q==
  dependencies:
    tslib "^2.3.1"

"@aws-sdk/util-utf8-node@3.188.0":
  version "3.188.0"
  resolved "https://registry.yarnpkg.com/@aws-sdk/util-utf8-node/-/util-utf8-node-3.188.0.tgz#935bc58a71f2792ac6a4ec881f72bf9ceee008b4"
  integrity sha512-hCgP4+C0Lekjpjt2zFJ2R/iHes5sBGljXa5bScOFAEkRUc0Qw0VNgTv7LpEbIOAwGmqyxBoCwBW0YHPW1DfmYQ==
  dependencies:
    "@aws-sdk/util-buffer-from" "3.188.0"
    tslib "^2.3.1"

"@aws-sdk/util-waiter@3.198.0":
  version "3.198.0"
  resolved "https://registry.yarnpkg.com/@aws-sdk/util-waiter/-/util-waiter-3.198.0.tgz#3e3d36113312b8fc8db12cd2ef5d70aec330e913"
  integrity sha512-EH2moFzGam0gyRYEc4U9Lq5qyD9CfFi02Jhji//qaCmn6vry0/ivDVgJzS2HSIb2/2XRLW7vFkKT4cWN2pkQyw==
  dependencies:
    "@aws-sdk/abort-controller" "3.198.0"
    "@aws-sdk/types" "3.198.0"
    tslib "^2.3.1"

"@slack/logger@^3.0.0":
  version "3.0.0"
  resolved "https://registry.yarnpkg.com/@slack/logger/-/logger-3.0.0.tgz#b736d4e1c112c22a10ffab0c2d364620aedcb714"
  integrity sha512-DTuBFbqu4gGfajREEMrkq5jBhcnskinhr4+AnfJEk48zhVeEv3XnUKGIX98B74kxhYsIMfApGGySTn7V3b5yBA==
  dependencies:
    "@types/node" ">=12.0.0"

"@slack/types@^2.0.0":
  version "2.7.0"
  resolved "https://registry.yarnpkg.com/@slack/types/-/types-2.7.0.tgz#54459d92866b9255880a62a47f03fa76d23af40f"
  integrity sha512-QUrHBilZeWyXAuHfEbSnzBwvFm4u/75LHKRKu8xRUnGNt35Amz8y9YQwb6voU1S5FmTYxMNAL+ZbAPTor4aRdw==

"@slack/web-api@^6.7.2":
  version "6.7.2"
  resolved "https://registry.yarnpkg.com/@slack/web-api/-/web-api-6.7.2.tgz#13b585bdac9e18a578aeb5e5e44d88a09b11e384"
  integrity sha512-qgWMxdy1A2uNvhETfRl349UjTEvnUzHl947Ly5c+lqOrXJIwsG12szL4tD3WrRlTuxCijDemF3FjtUNz18YAxg==
  dependencies:
    "@slack/logger" "^3.0.0"
    "@slack/types" "^2.0.0"
    "@types/is-stream" "^1.1.0"
    "@types/node" ">=12.0.0"
    axios "^0.27.2"
    eventemitter3 "^3.1.0"
    form-data "^2.5.0"
    is-electron "2.2.0"
    is-stream "^1.1.0"
    p-queue "^6.6.1"
    p-retry "^4.0.0"

"@types/is-stream@^1.1.0":
  version "1.1.0"
  resolved "https://registry.yarnpkg.com/@types/is-stream/-/is-stream-1.1.0.tgz#b84d7bb207a210f2af9bed431dc0fbe9c4143be1"
  integrity sha512-jkZatu4QVbR60mpIzjINmtS1ZF4a/FqdTUTBeQDVOQ2PYyidtwFKr0B5G6ERukKwliq+7mIXvxyppwzG5EgRYg==
  dependencies:
    "@types/node" "*"

"@types/node@*", "@types/node@>=12.0.0":
  version "18.11.7"
  resolved "https://registry.yarnpkg.com/@types/node/-/node-18.11.7.tgz#8ccef136f240770c1379d50100796a6952f01f94"
  integrity sha512-LhFTglglr63mNXUSRYD8A+ZAIu5sFqNJ4Y2fPuY7UlrySJH87rRRlhtVmMHplmfk5WkoJGmDjE9oiTfyX94CpQ==

"@types/retry@0.12.0":
  version "0.12.0"
  resolved "https://registry.yarnpkg.com/@types/retry/-/retry-0.12.0.tgz#2b35eccfcee7d38cd72ad99232fbd58bffb3c84d"
  integrity sha512-wWKOClTTiizcZhXnPY4wikVAwmdYHp8q6DmC+EJUzAMsycb7HB32Kh9RN4+0gExjmPmZSAQjgURXIGATPegAvA==

asynckit@^0.4.0:
  version "0.4.0"
  resolved "https://registry.yarnpkg.com/asynckit/-/asynckit-0.4.0.tgz#c79ed97f7f34cb8f2ba1bc9790bcc366474b4b79"
  integrity sha512-Oei9OH4tRh0YqU3GxhX79dM/mwVgvbZJaSNaRk+bshkj0S5cfHcgYakreBjrHwatXKbz+IoIdYLxrKim2MjW0Q==

axios@^0.27.2:
  version "0.27.2"
  resolved "https://registry.yarnpkg.com/axios/-/axios-0.27.2.tgz#207658cc8621606e586c85db4b41a750e756d972"
  integrity sha512-t+yRIyySRTp/wua5xEr+z1q60QmLq8ABsS5O9Me1AsE5dfKqgnCFzwiCZZ/cGNd1lq4/7akDWMxdhVlucjmnOQ==
  dependencies:
    follow-redirects "^1.14.9"
    form-data "^4.0.0"

bowser@^2.11.0:
  version "2.11.0"
  resolved "https://registry.yarnpkg.com/bowser/-/bowser-2.11.0.tgz#5ca3c35757a7aa5771500c70a73a9f91ef420a8f"
  integrity sha512-AlcaJBi/pqqJBIQ8U9Mcpc9i8Aqxn88Skv5d+xBX006BY5u8N3mGLHa5Lgppa7L/HfwgwLgZ6NYs+Ag6uUmJRA==

combined-stream@^1.0.6, combined-stream@^1.0.8:
  version "1.0.8"
  resolved "https://registry.yarnpkg.com/combined-stream/-/combined-stream-1.0.8.tgz#c3d45a8b34fd730631a110a8a2520682b31d5a7f"
  integrity sha512-FQN4MRfuJeHf7cBbBMJFXhKSDq+2kAArBlmRBvcvFE5BB1HZKXtSFASDhdlz9zOYwxh8lDdnvmMOe/+5cdoEdg==
  dependencies:
    delayed-stream "~1.0.0"

delayed-stream@~1.0.0:
  version "1.0.0"
  resolved "https://registry.yarnpkg.com/delayed-stream/-/delayed-stream-1.0.0.tgz#df3ae199acadfb7d440aaae0b29e2272b24ec619"
  integrity sha512-ZySD7Nf91aLB0RxL4KGrKHBXl7Eds1DAmEdcoVawXnLD7SDhpNgtuII2aAkg7a7QS41jxPSZ17p4VdGnMHk3MQ==

dotenv@^16.0.3:
  version "16.0.3"
  resolved "https://registry.yarnpkg.com/dotenv/-/dotenv-16.0.3.tgz#115aec42bac5053db3c456db30cc243a5a836a07"
  integrity sha512-7GO6HghkA5fYG9TYnNxi14/7K9f5occMlp3zXAuSxn7CKCxt9xbNWG7yF8hTCSUchlfWSe3uLmlPfigevRItzQ==

eventemitter3@^3.1.0:
  version "3.1.2"
  resolved "https://registry.yarnpkg.com/eventemitter3/-/eventemitter3-3.1.2.tgz#2d3d48f9c346698fce83a85d7d664e98535df6e7"
  integrity sha512-tvtQIeLVHjDkJYnzf2dgVMxfuSGJeM/7UCG17TT4EumTfNtF+0nebF/4zWOIkCreAbtNqhGEboB6BWrwqNaw4Q==

eventemitter3@^4.0.4:
  version "4.0.7"
  resolved "https://registry.yarnpkg.com/eventemitter3/-/eventemitter3-4.0.7.tgz#2de9b68f6528d5644ef5c59526a1b4a07306169f"
  integrity sha512-8guHBZCwKnFhYdHr2ysuRWErTwhoN2X8XELRlrRwpmfeY2jjuUN4taQMsULKUVo1K4DvZl+0pgfyoysHxvmvEw==

fast-xml-parser@4.0.11:
  version "4.0.11"
  resolved "https://registry.yarnpkg.com/fast-xml-parser/-/fast-xml-parser-4.0.11.tgz#42332a9aca544520631c8919e6ea871c0185a985"
  integrity sha512-4aUg3aNRR/WjQAcpceODG1C3x3lFANXRo8+1biqfieHmg9pyMt7qB4lQV/Ta6sJCTbA5vfD8fnA8S54JATiFUA==
  dependencies:
    strnum "^1.0.5"

follow-redirects@^1.14.9:
  version "1.15.2"
  resolved "https://registry.yarnpkg.com/follow-redirects/-/follow-redirects-1.15.2.tgz#b460864144ba63f2681096f274c4e57026da2c13"
  integrity sha512-VQLG33o04KaQ8uYi2tVNbdrWp1QWxNNea+nmIB4EVM28v0hmP17z7aG1+wAkNzVq4KeXTq3221ye5qTJP91JwA==

form-data@^2.5.0:
  version "2.5.1"
  resolved "https://registry.yarnpkg.com/form-data/-/form-data-2.5.1.tgz#f2cbec57b5e59e23716e128fe44d4e5dd23895f4"
  integrity sha512-m21N3WOmEEURgk6B9GLOE4RuWOFf28Lhh9qGYeNlGq4VDXUlJy2th2slBNU8Gp8EzloYZOibZJ7t5ecIrFSjVA==
  dependencies:
    asynckit "^0.4.0"
    combined-stream "^1.0.6"
    mime-types "^2.1.12"

form-data@^4.0.0:
  version "4.0.0"
  resolved "https://registry.yarnpkg.com/form-data/-/form-data-4.0.0.tgz#93919daeaf361ee529584b9b31664dc12c9fa452"
  integrity sha512-ETEklSGi5t0QMZuiXoA/Q6vcnxcLQP5vdugSpuAyi6SVGi2clPPp+xgEhuMaHC+zGgn31Kd235W35f7Hykkaww==
  dependencies:
    asynckit "^0.4.0"
    combined-stream "^1.0.8"
    mime-types "^2.1.12"

is-electron@2.2.0:
  version "2.2.0"
  resolved "https://registry.yarnpkg.com/is-electron/-/is-electron-2.2.0.tgz#8943084f09e8b731b3a7a0298a7b5d56f6b7eef0"
  integrity sha512-SpMppC2XR3YdxSzczXReBjqs2zGscWQpBIKqwXYBFic0ERaxNVgwLCHwOLZeESfdJQjX0RDvrJ1lBXX2ij+G1Q==

is-stream@^1.1.0:
  version "1.1.0"
  resolved "https://registry.yarnpkg.com/is-stream/-/is-stream-1.1.0.tgz#12d4a3dd4e68e0b79ceb8dbc84173ae80d91ca44"
  integrity sha512-uQPm8kcs47jx38atAcWTVxyltQYoPT68y9aWYdV6yWXSyW8mzSat0TL6CiWdZeCdF3KrAvpVtnHbTv4RN+rqdQ==

mime-db@1.52.0:
  version "1.52.0"
  resolved "https://registry.yarnpkg.com/mime-db/-/mime-db-1.52.0.tgz#bbabcdc02859f4987301c856e3387ce5ec43bf70"
  integrity sha512-sPU4uV7dYlvtWJxwwxHD0PuihVNiE7TyAbQ5SWxDCB9mUYvOgroQOwYQQOKPJ8CIbE+1ETVlOoK1UC2nU3gYvg==

mime-types@^2.1.12:
  version "2.1.35"
  resolved "https://registry.yarnpkg.com/mime-types/-/mime-types-2.1.35.tgz#381a871b62a734450660ae3deee44813f70d959a"
  integrity sha512-ZDY+bPm5zTTF+YpCrAU9nK0UgICYPT0QtT1NZWFv4s++TNkcgVaT0g6+4R2uI4MjQjzysHB1zxuWL50hzaeXiw==
  dependencies:
    mime-db "1.52.0"

p-finally@^1.0.0:
  version "1.0.0"
  resolved "https://registry.yarnpkg.com/p-finally/-/p-finally-1.0.0.tgz#3fbcfb15b899a44123b34b6dcc18b724336a2cae"
  integrity sha512-LICb2p9CB7FS+0eR1oqWnHhp0FljGLZCWBE9aix0Uye9W8LTQPwMTYVGWQWIw9RdQiDg4+epXQODwIYJtSJaow==

p-queue@^6.6.1:
  version "6.6.2"
  resolved "https://registry.yarnpkg.com/p-queue/-/p-queue-6.6.2.tgz#2068a9dcf8e67dd0ec3e7a2bcb76810faa85e426"
  integrity sha512-RwFpb72c/BhQLEXIZ5K2e+AhgNVmIejGlTgiB9MzZ0e93GRvqZ7uSi0dvRF7/XIXDeNkra2fNHBxTyPDGySpjQ==
  dependencies:
    eventemitter3 "^4.0.4"
    p-timeout "^3.2.0"

p-retry@^4.0.0:
  version "4.6.2"
  resolved "https://registry.yarnpkg.com/p-retry/-/p-retry-4.6.2.tgz#9baae7184057edd4e17231cee04264106e092a16"
  integrity sha512-312Id396EbJdvRONlngUx0NydfrIQ5lsYu0znKVUzVvArzEIt08V1qhtyESbGVd1FGX7UKtiFp5uwKZdM8wIuQ==
  dependencies:
    "@types/retry" "0.12.0"
    retry "^0.13.1"

p-timeout@^3.2.0:
  version "3.2.0"
  resolved "https://registry.yarnpkg.com/p-timeout/-/p-timeout-3.2.0.tgz#c7e17abc971d2a7962ef83626b35d635acf23dfe"
  integrity sha512-rhIwUycgwwKcP9yTOOFK/AKsAopjjCakVqLHePO3CC6Mir1Z99xT+R63jZxAT5lFZLa2inS5h+ZS2GvR99/FBg==
  dependencies:
    p-finally "^1.0.0"

retry@^0.13.1:
  version "0.13.1"
  resolved "https://registry.yarnpkg.com/retry/-/retry-0.13.1.tgz#185b1587acf67919d63b357349e03537b2484658"
  integrity sha512-XQBQ3I8W1Cge0Seh+6gjj03LbmRFWuoszgK9ooCpwYIrhhoO80pfq4cUkU5DkknwfOfFteRwlZ56PYOGYyFWdg==

strnum@^1.0.5:
  version "1.0.5"
  resolved "https://registry.yarnpkg.com/strnum/-/strnum-1.0.5.tgz#5c4e829fe15ad4ff0d20c3db5ac97b73c9b072db"
  integrity sha512-J8bbNyKKXl5qYcR36TIO8W3mVGVHrmmxsd5PAItGkmyzwJvybiw2IVq5nqd0i4LSNSkB/sx9VHllbfFdr9k1JA==

tslib@^1.11.1:
  version "1.14.1"
  resolved "https://registry.yarnpkg.com/tslib/-/tslib-1.14.1.tgz#cf2d38bdc34a134bcaf1091c41f6619e2f672d00"
  integrity sha512-Xni35NKzjgMrwevysHTCArtLDpPvye8zV/0E4EyYn43P7/7qvQwPh9BGkHewbMulVntbigmcT7rdX3BNo9wRJg==

tslib@^2.3.1:
  version "2.4.0"
  resolved "https://registry.yarnpkg.com/tslib/-/tslib-2.4.0.tgz#7cecaa7f073ce680a05847aa77be941098f36dc3"
  integrity sha512-d6xOpEDfsi2CZVlPQzGeux8XMwLT9hssAsaPYExaQMuYskwb+x1x7J371tWlbBdWHroy99KnVB6qIkUbs5X3UQ==

uuid@^8.3.2:
  version "8.3.2"
  resolved "https://registry.yarnpkg.com/uuid/-/uuid-8.3.2.tgz#80d5b5ced271bb9af6c445f21a1a04c606cefbe2"
  integrity sha512-+NYs2QeMWy+GWFOEm9xnn6HCDp0l7QBD7ml8zLUmJ+93Q5NF0NocErnwkTkXVFNiX3/fpC6afS8Dhb/gz7R7eg==
